
Microsoft Visual Studio Solution File, Format Version 12.00
# Visual Studio 14
VisualStudioVersion = 14.0.24720.0
MinimumVisualStudioVersion = 10.0.40219.1
Project("{b723ee06-53b4-4405-9fac-444ec7aeeab3}") = "FrontierDevelopments-Cyberization", "Source\Core.csproj", "{0c9b1441-fa49-4942-9d0d-b8ed81ea5d20}"
EndProject
Global
	GlobalSection(SolutionConfigurationPlatforms) = preSolution
		Debug|Any CPU = Debug|Any CPU
		Release|Any CPU = Release|Any CPU
	EndGlobalSection
	GlobalSection(ProjectConfigurationPlatforms) = postSolution
		{0c9b1441-fa49-4942-9d0d-b8ed81ea5d20}.Release|Any CPU.ActiveCfg = Release|Any CPU
		{0c9b1441-fa49-4942-9d0d-b8ed81ea5d20}.Release|Any CPU.Build.0 = Release|Any CPU
		{0c9b1441-fa49-4942-9d0d-b8ed81ea5d20}.Debug|Any CPU.ActiveCfg = Debug|Any CPU
		{0c9b1441-fa49-4942-9d0d-b8ed81ea5d20}.Debug|Any CPU.Build.0 = Debug|Any CPU
	EndGlobalSection
	GlobalSection(SolutionProperties) = preSolution
		HideSolutionNode = FALSE
	EndGlobalSection
EndGlobal
